
Microsoft Visual Studio Solution File, Format Version 12.00
# Visual Studio Version 17
VisualStudioVersion = 17.13.35818.85
MinimumVisualStudioVersion = 10.0.40219.1
Project("{2150E333-8FDC-42A3-9474-1A3956D46DE8}") = "Modules", "Modules", "{02EA681E-C7D8-13C7-8484-4AC65E1B71E8}"
EndProject
Project("{2150E333-8FDC-42A3-9474-1A3956D46DE8}") = "Carriers", "Carriers", "{349BA8FE-8E11-4ADB-B1EF-83378A4748C6}"
EndProject
Project("{FAE04EC0-301F-11D3-BF4B-00C04F79EFBC}") = "Modules.Carriers.Domain", "Modules\Carriers\Modules.Carriers.Domain\Modules.Carriers.Domain.csproj", "{8074AB63-5003-4735-B88D-BEC593BF65C4}"
EndProject
Project("{FAE04EC0-301F-11D3-BF4B-00C04F79EFBC}") = "Modules.Carriers.Features", "Modules\Carriers\Modules.Carriers.Features\Modules.Carriers.Features.csproj", "{A336E5C4-1F52-49E9-B473-C0B3F3376020}"
EndProject
Project("{FAE04EC0-301F-11D3-BF4B-00C04F79EFBC}") = "Modules.Carriers.Infrastructure", "Modules\Carriers\Modules.Carriers.Infrastructure\Modules.Carriers.Infrastructure.csproj", "{AB3423DB-0AD9-417C-97DC-0821AA9C9D0B}"
EndProject
Project("{FAE04EC0-301F-11D3-BF4B-00C04F79EFBC}") = "Modules.Carriers.PublicApi", "Modules\Carriers\Modules.Carriers.PublicApi\Modules.Carriers.PublicApi.csproj", "{012F8445-8F2D-403D-8E59-A742C2BC5E0D}"
EndProject
Project("{2150E333-8FDC-42A3-9474-1A3956D46DE8}") = "Common", "Common", "{ED6FD199-375D-4085-AA47-8F5BAD9E71F9}"
EndProject
Project("{FAE04EC0-301F-11D3-BF4B-00C04F79EFBC}") = "Modules.Common.Features", "Modules\Common\Modules.Common.Features\Modules.Common.Features.csproj", "{366A9B25-E0E8-425F-A9AC-0BBA727CFE8D}"
EndProject
Project("{2150E333-8FDC-42A3-9474-1A3956D46DE8}") = "Shipments", "Shipments", "{0EB543F2-60AF-43A9-B2FF-B9EF2DBC51F1}"
EndProject
Project("{FAE04EC0-301F-11D3-BF4B-00C04F79EFBC}") = "Modules.Shipments.Domain", "Modules\Shipments\Modules.Shipments.Domain\Modules.Shipments.Domain.csproj", "{C8796DCB-0BAF-4B22-ABB3-ABA15E6D33A8}"
EndProject
Project("{FAE04EC0-301F-11D3-BF4B-00C04F79EFBC}") = "Modules.Shipments.Features", "Modules\Shipments\Modules.Shipments.Features\Modules.Shipments.Features.csproj", "{F1078DB0-8FD3-4A09-8FC2-BDECB7291BB8}"
EndProject
Project("{FAE04EC0-301F-11D3-BF4B-00C04F79EFBC}") = "Modules.Shipments.Infrastructure", "Modules\Shipments\Modules.Shipments.Infrastructure\Modules.Shipments.Infrastructure.csproj", "{6BE31173-6931-4B52-9B8B-DBFA3031D516}"
EndProject
Project("{2150E333-8FDC-42A3-9474-1A3956D46DE8}") = "Stocks", "Stocks", "{622D1FC1-28F1-496B-86B2-E2DE313EFA77}"
EndProject
Project("{FAE04EC0-301F-11D3-BF4B-00C04F79EFBC}") = "Modules.Stocks.Domain", "Modules\Stocks\Modules.Stocks.Domain\Modules.Stocks.Domain.csproj", "{25F0B5C1-4652-489C-9378-9937A0213F78}"
EndProject
Project("{FAE04EC0-301F-11D3-BF4B-00C04F79EFBC}") = "Modules.Stocks.Features", "Modules\Stocks\Modules.Stocks.Features\Modules.Stocks.Features.csproj", "{C5154354-EE44-4CF4-A601-5B54C51E2BB9}"
EndProject
Project("{FAE04EC0-301F-11D3-BF4B-00C04F79EFBC}") = "Modules.Stocks.Infrastructure", "Modules\Stocks\Modules.Stocks.Infrastructure\Modules.Stocks.Infrastructure.csproj", "{92F31E27-DF81-4065-A879-17CCE0E56254}"
EndProject
Project("{FAE04EC0-301F-11D3-BF4B-00C04F79EFBC}") = "Modules.Stocks.PublicApi", "Modules\Stocks\Modules.Stocks.PublicApi\Modules.Stocks.PublicApi.csproj", "{C8B21CD4-880A-40C8-A140-E8BDB353C5D0}"
EndProject
Global
	GlobalSection(SolutionConfigurationPlatforms) = preSolution
		Debug|Any CPU = Debug|Any CPU
		Release|Any CPU = Release|Any CPU
	EndGlobalSection
	GlobalSection(ProjectConfigurationPlatforms) = postSolution
		{8074AB63-5003-4735-B88D-BEC593BF65C4}.Debug|Any CPU.ActiveCfg = Debug|Any CPU
		{8074AB63-5003-4735-B88D-BEC593BF65C4}.Debug|Any CPU.Build.0 = Debug|Any CPU
		{8074AB63-5003-4735-B88D-BEC593BF65C4}.Release|Any CPU.ActiveCfg = Release|Any CPU
		{8074AB63-5003-4735-B88D-BEC593BF65C4}.Release|Any CPU.Build.0 = Release|Any CPU
		{A336E5C4-1F52-49E9-B473-C0B3F3376020}.Debug|Any CPU.ActiveCfg = Debug|Any CPU
		{A336E5C4-1F52-49E9-B473-C0B3F3376020}.Debug|Any CPU.Build.0 = Debug|Any CPU
		{A336E5C4-1F52-49E9-B473-C0B3F3376020}.Release|Any CPU.ActiveCfg = Release|Any CPU
		{A336E5C4-1F52-49E9-B473-C0B3F3376020}.Release|Any CPU.Build.0 = Release|Any CPU
		{AB3423DB-0AD9-417C-97DC-0821AA9C9D0B}.Debug|Any CPU.ActiveCfg = Debug|Any CPU
		{AB3423DB-0AD9-417C-97DC-0821AA9C9D0B}.Debug|Any CPU.Build.0 = Debug|Any CPU
		{AB3423DB-0AD9-417C-97DC-0821AA9C9D0B}.Release|Any CPU.ActiveCfg = Release|Any CPU
		{AB3423DB-0AD9-417C-97DC-0821AA9C9D0B}.Release|Any CPU.Build.0 = Release|Any CPU
		{012F8445-8F2D-403D-8E59-A742C2BC5E0D}.Debug|Any CPU.ActiveCfg = Debug|Any CPU
		{012F8445-8F2D-403D-8E59-A742C2BC5E0D}.Debug|Any CPU.Build.0 = Debug|Any CPU
		{012F8445-8F2D-403D-8E59-A742C2BC5E0D}.Release|Any CPU.ActiveCfg = Release|Any CPU
		{012F8445-8F2D-403D-8E59-A742C2BC5E0D}.Release|Any CPU.Build.0 = Release|Any CPU
		{366A9B25-E0E8-425F-A9AC-0BBA727CFE8D}.Debug|Any CPU.ActiveCfg = Debug|Any CPU
		{366A9B25-E0E8-425F-A9AC-0BBA727CFE8D}.Debug|Any CPU.Build.0 = Debug|Any CPU
		{366A9B25-E0E8-425F-A9AC-0BBA727CFE8D}.Release|Any CPU.ActiveCfg = Release|Any CPU
		{366A9B25-E0E8-425F-A9AC-0BBA727CFE8D}.Release|Any CPU.Build.0 = Release|Any CPU
		{C8796DCB-0BAF-4B22-ABB3-ABA15E6D33A8}.Debug|Any CPU.ActiveCfg = Debug|Any CPU
		{C8796DCB-0BAF-4B22-ABB3-ABA15E6D33A8}.Debug|Any CPU.Build.0 = Debug|Any CPU
		{C8796DCB-0BAF-4B22-ABB3-ABA15E6D33A8}.Release|Any CPU.ActiveCfg = Release|Any CPU
		{C8796DCB-0BAF-4B22-ABB3-ABA15E6D33A8}.Release|Any CPU.Build.0 = Release|Any CPU
		{F1078DB0-8FD3-4A09-8FC2-BDECB7291BB8}.Debug|Any CPU.ActiveCfg = Debug|Any CPU
		{F1078DB0-8FD3-4A09-8FC2-BDECB7291BB8}.Debug|Any CPU.Build.0 = Debug|Any CPU
		{F1078DB0-8FD3-4A09-8FC2-BDECB7291BB8}.Release|Any CPU.ActiveCfg = Release|Any CPU
		{F1078DB0-8FD3-4A09-8FC2-BDECB7291BB8}.Release|Any CPU.Build.0 = Release|Any CPU
		{6BE31173-6931-4B52-9B8B-DBFA3031D516}.Debug|Any CPU.ActiveCfg = Debug|Any CPU
		{6BE31173-6931-4B52-9B8B-DBFA3031D516}.Debug|Any CPU.Build.0 = Debug|Any CPU
		{6BE31173-6931-4B52-9B8B-DBFA3031D516}.Release|Any CPU.ActiveCfg = Release|Any CPU
		{6BE31173-6931-4B52-9B8B-DBFA3031D516}.Release|Any CPU.Build.0 = Release|Any CPU
		{25F0B5C1-4652-489C-9378-9937A0213F78}.Debug|Any CPU.ActiveCfg = Debug|Any CPU
		{25F0B5C1-4652-489C-9378-9937A0213F78}.Debug|Any CPU.Build.0 = Debug|Any CPU
		{25F0B5C1-4652-489C-9378-9937A0213F78}.Release|Any CPU.ActiveCfg = Release|Any CPU
		{25F0B5C1-4652-489C-9378-9937A0213F78}.Release|Any CPU.Build.0 = Release|Any CPU
		{C5154354-EE44-4CF4-A601-5B54C51E2BB9}.Debug|Any CPU.ActiveCfg = Debug|Any CPU
		{C5154354-EE44-4CF4-A601-5B54C51E2BB9}.Debug|Any CPU.Build.0 = Debug|Any CPU
		{C5154354-EE44-4CF4-A601-5B54C51E2BB9}.Release|Any CPU.ActiveCfg = Release|Any CPU
		{C5154354-EE44-4CF4-A601-5B54C51E2BB9}.Release|Any CPU.Build.0 = Release|Any CPU
		{92F31E27-DF81-4065-A879-17CCE0E56254}.Debug|Any CPU.ActiveCfg = Debug|Any CPU
		{92F31E27-DF81-4065-A879-17CCE0E56254}.Debug|Any CPU.Build.0 = Debug|Any CPU
		{92F31E27-DF81-4065-A879-17CCE0E56254}.Release|Any CPU.ActiveCfg = Release|Any CPU
		{92F31E27-DF81-4065-A879-17CCE0E56254}.Release|Any CPU.Build.0 = Release|Any CPU
		{C8B21CD4-880A-40C8-A140-E8BDB353C5D0}.Debug|Any CPU.ActiveCfg = Debug|Any CPU
		{C8B21CD4-880A-40C8-A140-E8BDB353C5D0}.Debug|Any CPU.Build.0 = Debug|Any CPU
		{C8B21CD4-880A-40C8-A140-E8BDB353C5D0}.Release|Any CPU.ActiveCfg = Release|Any CPU
		{C8B21CD4-880A-40C8-A140-E8BDB353C5D0}.Release|Any CPU.Build.0 = Release|Any CPU
	EndGlobalSection
	GlobalSection(SolutionProperties) = preSolution
		HideSolutionNode = FALSE
	EndGlobalSection
	GlobalSection(NestedProjects) = preSolution
		{349BA8FE-8E11-4ADB-B1EF-83378A4748C6} = {02EA681E-C7D8-13C7-8484-4AC65E1B71E8}
		{8074AB63-5003-4735-B88D-BEC593BF65C4} = {349BA8FE-8E11-4ADB-B1EF-83378A4748C6}
		{A336E5C4-1F52-49E9-B473-C0B3F3376020} = {349BA8FE-8E11-4ADB-B1EF-83378A4748C6}
		{AB3423DB-0AD9-417C-97DC-0821AA9C9D0B} = {349BA8FE-8E11-4ADB-B1EF-83378A4748C6}
		{012F8445-8F2D-403D-8E59-A742C2BC5E0D} = {349BA8FE-8E11-4ADB-B1EF-83378A4748C6}
		{ED6FD199-375D-4085-AA47-8F5BAD9E71F9} = {02EA681E-C7D8-13C7-8484-4AC65E1B71E8}
		{366A9B25-E0E8-425F-A9AC-0BBA727CFE8D} = {ED6FD199-375D-4085-AA47-8F5BAD9E71F9}
		{0EB543F2-60AF-43A9-B2FF-B9EF2DBC51F1} = {02EA681E-C7D8-13C7-8484-4AC65E1B71E8}
		{C8796DCB-0BAF-4B22-ABB3-ABA15E6D33A8} = {0EB543F2-60AF-43A9-B2FF-B9EF2DBC51F1}
		{F1078DB0-8FD3-4A09-8FC2-BDECB7291BB8} = {0EB543F2-60AF-43A9-B2FF-B9EF2DBC51F1}
		{6BE31173-6931-4B52-9B8B-DBFA3031D516} = {0EB543F2-60AF-43A9-B2FF-B9EF2DBC51F1}
		{622D1FC1-28F1-496B-86B2-E2DE313EFA77} = {02EA681E-C7D8-13C7-8484-4AC65E1B71E8}
		{25F0B5C1-4652-489C-9378-9937A0213F78} = {622D1FC1-28F1-496B-86B2-E2DE313EFA77}
		{C5154354-EE44-4CF4-A601-5B54C51E2BB9} = {622D1FC1-28F1-496B-86B2-E2DE313EFA77}
		{92F31E27-DF81-4065-A879-17CCE0E56254} = {622D1FC1-28F1-496B-86B2-E2DE313EFA77}
		{C8B21CD4-880A-40C8-A140-E8BDB353C5D0} = {622D1FC1-28F1-496B-86B2-E2DE313EFA77}
	EndGlobalSection
	GlobalSection(ExtensibilityGlobals) = postSolution
		SolutionGuid = {C0899E56-2D8F-4AEC-942F-D87119F09EAA}
	EndGlobalSection
EndGlobal
